
Microsoft Visual Studio Solution File, Format Version 12.00
# Visual Studio 14
VisualStudioVersion = 14.0.25420.1
MinimumVisualStudioVersion = 10.0.40219.1
Project("{2150E333-8FDC-42A3-9474-1A3956D46DE8}") = "src", "src", "{D6A7BF57-A28E-4E4A-85E6-04C38C1969F7}"
EndProject
Project("{2150E333-8FDC-42A3-9474-1A3956D46DE8}") = "Solution Items", "Solution Items", "{A76E85F3-4F16-47DE-8F4E-803132DC839B}"
	ProjectSection(SolutionItems) = preProject
		global.json = global.json
	EndProjectSection
EndProject
Project("{8BB2217D-0F2D-49D1-97BC-3654ED321F3B}") = "WebApp", "src\WebApp\WebApp.xproj", "{E8E31E27-B862-4D06-94AE-24936B157A75}"
EndProject
Project("{2150E333-8FDC-42A3-9474-1A3956D46DE8}") = "WindowsService", "WindowsService", "{180B0524-22FA-4FB2-91DB-D3740F33B34F}"
EndProject
Project("{2150E333-8FDC-42A3-9474-1A3956D46DE8}") = "DomainModel", "DomainModel", "{25B27541-874D-4E0E-8505-302F2D00007A}"
EndProject
Project("{FAE04EC0-301F-11D3-BF4B-00C04F79EFBC}") = "DomainModel", "DomainModel\DomainModel\DomainModel.csproj", "{7CFB7ACB-92A1-4584-B0EE-C683E6F969C2}"
EndProject
Project("{FAE04EC0-301F-11D3-BF4B-00C04F79EFBC}") = "ServerStatusChecker", "WindowsService\ServerStatusChecker\ServerStatusChecker.csproj", "{0E8D3B89-AFE4-41A2-A507-C2733557A6EA}"
EndProject
Project("{2150E333-8FDC-42A3-9474-1A3956D46DE8}") = "Repository", "Repository", "{949A6A1D-BE71-4E63-A04E-1B4ED972741E}"
EndProject
Project("{FAE04EC0-301F-11D3-BF4B-00C04F79EFBC}") = "Repository", "Repository\Repository\Repository.csproj", "{4E5989B5-10DB-487C-9F61-191436CC85AD}"
EndProject
Project("{2150E333-8FDC-42A3-9474-1A3956D46DE8}") = "Service", "Service", "{F224D669-5F35-489A-8093-12E059668BFF}"
EndProject
Project("{FAE04EC0-301F-11D3-BF4B-00C04F79EFBC}") = "ServiceConcrete", "Service\ServiceConcrete\ServiceConcrete.csproj", "{D60DE943-6788-4119-BDE8-E556AA36F272}"
EndProject
Project("{FAE04EC0-301F-11D3-BF4B-00C04F79EFBC}") = "ServiceInterface", "Service\ServiceInterface\ServiceInterface.csproj", "{7E6836FB-53E8-4669-B24E-06C0C40E04C7}"
EndProject
Project("{2150E333-8FDC-42A3-9474-1A3956D46DE8}") = "Infrastructure", "Infrastructure", "{3C461CBB-33E6-4E14-A82A-1BE66783A25D}"
EndProject
Project("{FAE04EC0-301F-11D3-BF4B-00C04F79EFBC}") = "CrossCutting", "Infrastructure\CrossCutting\CrossCutting.csproj", "{B0C2AEE8-410E-40F8-96EA-A29631BC2D65}"
EndProject
Project("{FAE04EC0-301F-11D3-BF4B-00C04F79EFBC}") = "DependencyInjecionResolver", "Infrastructure\DependencyInjecionResolver\DependencyInjecionResolver.csproj", "{44240756-3878-45F8-A574-9A2362BCB887}"
EndProject
Global
	GlobalSection(SolutionConfigurationPlatforms) = preSolution
		Debug|Any CPU = Debug|Any CPU
		Release|Any CPU = Release|Any CPU
	EndGlobalSection
	GlobalSection(ProjectConfigurationPlatforms) = postSolution
		{E8E31E27-B862-4D06-94AE-24936B157A75}.Debug|Any CPU.ActiveCfg = Debug|Any CPU
		{E8E31E27-B862-4D06-94AE-24936B157A75}.Debug|Any CPU.Build.0 = Debug|Any CPU
		{E8E31E27-B862-4D06-94AE-24936B157A75}.Release|Any CPU.ActiveCfg = Release|Any CPU
		{E8E31E27-B862-4D06-94AE-24936B157A75}.Release|Any CPU.Build.0 = Release|Any CPU
		{7CFB7ACB-92A1-4584-B0EE-C683E6F969C2}.Debug|Any CPU.ActiveCfg = Debug|Any CPU
		{7CFB7ACB-92A1-4584-B0EE-C683E6F969C2}.Debug|Any CPU.Build.0 = Debug|Any CPU
		{7CFB7ACB-92A1-4584-B0EE-C683E6F969C2}.Release|Any CPU.ActiveCfg = Release|Any CPU
		{7CFB7ACB-92A1-4584-B0EE-C683E6F969C2}.Release|Any CPU.Build.0 = Release|Any CPU
		{0E8D3B89-AFE4-41A2-A507-C2733557A6EA}.Debug|Any CPU.ActiveCfg = Debug|Any CPU
		{0E8D3B89-AFE4-41A2-A507-C2733557A6EA}.Debug|Any CPU.Build.0 = Debug|Any CPU
		{0E8D3B89-AFE4-41A2-A507-C2733557A6EA}.Release|Any CPU.ActiveCfg = Release|Any CPU
		{0E8D3B89-AFE4-41A2-A507-C2733557A6EA}.Release|Any CPU.Build.0 = Release|Any CPU
		{4E5989B5-10DB-487C-9F61-191436CC85AD}.Debug|Any CPU.ActiveCfg = Debug|Any CPU
		{4E5989B5-10DB-487C-9F61-191436CC85AD}.Debug|Any CPU.Build.0 = Debug|Any CPU
		{4E5989B5-10DB-487C-9F61-191436CC85AD}.Release|Any CPU.ActiveCfg = Release|Any CPU
		{4E5989B5-10DB-487C-9F61-191436CC85AD}.Release|Any CPU.Build.0 = Release|Any CPU
		{D60DE943-6788-4119-BDE8-E556AA36F272}.Debug|Any CPU.ActiveCfg = Debug|Any CPU
		{D60DE943-6788-4119-BDE8-E556AA36F272}.Debug|Any CPU.Build.0 = Debug|Any CPU
		{D60DE943-6788-4119-BDE8-E556AA36F272}.Release|Any CPU.ActiveCfg = Release|Any CPU
		{D60DE943-6788-4119-BDE8-E556AA36F272}.Release|Any CPU.Build.0 = Release|Any CPU
		{7E6836FB-53E8-4669-B24E-06C0C40E04C7}.Debug|Any CPU.ActiveCfg = Debug|Any CPU
		{7E6836FB-53E8-4669-B24E-06C0C40E04C7}.Debug|Any CPU.Build.0 = Debug|Any CPU
		{7E6836FB-53E8-4669-B24E-06C0C40E04C7}.Release|Any CPU.ActiveCfg = Release|Any CPU
		{7E6836FB-53E8-4669-B24E-06C0C40E04C7}.Release|Any CPU.Build.0 = Release|Any CPU
		{B0C2AEE8-410E-40F8-96EA-A29631BC2D65}.Debug|Any CPU.ActiveCfg = Debug|Any CPU
		{B0C2AEE8-410E-40F8-96EA-A29631BC2D65}.Debug|Any CPU.Build.0 = Debug|Any CPU
		{B0C2AEE8-410E-40F8-96EA-A29631BC2D65}.Release|Any CPU.ActiveCfg = Release|Any CPU
		{B0C2AEE8-410E-40F8-96EA-A29631BC2D65}.Release|Any CPU.Build.0 = Release|Any CPU
		{44240756-3878-45F8-A574-9A2362BCB887}.Debug|Any CPU.ActiveCfg = Debug|Any CPU
		{44240756-3878-45F8-A574-9A2362BCB887}.Debug|Any CPU.Build.0 = Debug|Any CPU
		{44240756-3878-45F8-A574-9A2362BCB887}.Release|Any CPU.ActiveCfg = Release|Any CPU
		{44240756-3878-45F8-A574-9A2362BCB887}.Release|Any CPU.Build.0 = Release|Any CPU
	EndGlobalSection
	GlobalSection(SolutionProperties) = preSolution
		HideSolutionNode = FALSE
	EndGlobalSection
	GlobalSection(NestedProjects) = preSolution
		{E8E31E27-B862-4D06-94AE-24936B157A75} = {D6A7BF57-A28E-4E4A-85E6-04C38C1969F7}
		{180B0524-22FA-4FB2-91DB-D3740F33B34F} = {D6A7BF57-A28E-4E4A-85E6-04C38C1969F7}
		{25B27541-874D-4E0E-8505-302F2D00007A} = {D6A7BF57-A28E-4E4A-85E6-04C38C1969F7}
		{7CFB7ACB-92A1-4584-B0EE-C683E6F969C2} = {25B27541-874D-4E0E-8505-302F2D00007A}
		{0E8D3B89-AFE4-41A2-A507-C2733557A6EA} = {180B0524-22FA-4FB2-91DB-D3740F33B34F}
		{949A6A1D-BE71-4E63-A04E-1B4ED972741E} = {D6A7BF57-A28E-4E4A-85E6-04C38C1969F7}
		{4E5989B5-10DB-487C-9F61-191436CC85AD} = {949A6A1D-BE71-4E63-A04E-1B4ED972741E}
		{F224D669-5F35-489A-8093-12E059668BFF} = {D6A7BF57-A28E-4E4A-85E6-04C38C1969F7}
		{D60DE943-6788-4119-BDE8-E556AA36F272} = {F224D669-5F35-489A-8093-12E059668BFF}
		{7E6836FB-53E8-4669-B24E-06C0C40E04C7} = {F224D669-5F35-489A-8093-12E059668BFF}
		{3C461CBB-33E6-4E14-A82A-1BE66783A25D} = {D6A7BF57-A28E-4E4A-85E6-04C38C1969F7}
		{B0C2AEE8-410E-40F8-96EA-A29631BC2D65} = {3C461CBB-33E6-4E14-A82A-1BE66783A25D}
		{44240756-3878-45F8-A574-9A2362BCB887} = {3C461CBB-33E6-4E14-A82A-1BE66783A25D}
	EndGlobalSection
EndGlobal
